
Microsoft Visual Studio Solution File, Format Version 12.00
# Visual Studio 15
VisualStudioVersion = 15.0.28010.2026
MinimumVisualStudioVersion = 10.0.40219.1
Project("{FAE04EC0-301F-11D3-BF4B-00C04F79EFBC}") = "HelloGopal", "HelloGopal\HelloGopal.csproj", "{B8875366-8A53-4D5E-B6CD-7A13E13FF5B8}"
EndProject
Global
	GlobalSection(SolutionConfigurationPlatforms) = preSolution
		Debug|Any CPU = Debug|Any CPU
		Release|Any CPU = Release|Any CPU
	EndGlobalSection
	GlobalSection(ProjectConfigurationPlatforms) = postSolution
		{B8875366-8A53-4D5E-B6CD-7A13E13FF5B8}.Debug|Any CPU.ActiveCfg = Debug|Any CPU
		{B8875366-8A53-4D5E-B6CD-7A13E13FF5B8}.Debug|Any CPU.Build.0 = Debug|Any CPU
		{B8875366-8A53-4D5E-B6CD-7A13E13FF5B8}.Release|Any CPU.ActiveCfg = Release|Any CPU
		{B8875366-8A53-4D5E-B6CD-7A13E13FF5B8}.Release|Any CPU.Build.0 = Release|Any CPU
	EndGlobalSection
	GlobalSection(SolutionProperties) = preSolution
		HideSolutionNode = FALSE
	EndGlobalSection
	GlobalSection(ExtensibilityGlobals) = postSolution
		SolutionGuid = {BB2A1022-3E55-4446-8277-C910E88F2C36}
	EndGlobalSection
EndGlobal
